
Microsoft Visual Studio Solution File, Format Version 12.00
# Visual Studio Version 17
VisualStudioVersion = 17.11.35312.102
MinimumVisualStudioVersion = 10.0.40219.1
Project("{FAE04EC0-301F-11D3-BF4B-00C04F79EFBC}") = "Exempel02-01", "Exempel02-01\Exempel02-01.csproj", "{CDC29643-9F10-4360-9C18-9327104D5619}"
EndProject
Project("{FAE04EC0-301F-11D3-BF4B-00C04F79EFBC}") = "Exempel02-02", "Exempel02-02\Exempel02-02.csproj", "{D2A7C936-CFA2-4CD3-A8F3-EA306FAFEBA7}"
EndProject
Project("{FAE04EC0-301F-11D3-BF4B-00C04F79EFBC}") = "ovning02-02", "ovning02-02\ovning02-02.csproj", "{F2EC41E6-EB2C-4F88-A81D-2CBD74332904}"
EndProject
Project("{FAE04EC0-301F-11D3-BF4B-00C04F79EFBC}") = "Uppgift02-01", "Uppgift02-01\Uppgift02-01.csproj", "{16D66A69-D163-4DF6-98AB-937F820D55D7}"
EndProject
Project("{FAE04EC0-301F-11D3-BF4B-00C04F79EFBC}") = "Uppgift02-02", "Uppgift02-02\Uppgift02-02.csproj", "{28557A3A-D3B6-4BF8-A78F-8060844706C6}"
EndProject
Project("{FAE04EC0-301F-11D3-BF4B-00C04F79EFBC}") = "Exempel03-01", "Exempel03-01\Exempel03-01.csproj", "{83B43418-2BC7-40C1-87E3-5D22AE9B550D}"
EndProject
Project("{FAE04EC0-301F-11D3-BF4B-00C04F79EFBC}") = "ovning03-02", "ovning03-02\ovning03-02.csproj", "{FAD99AA6-0F6C-4C80-A158-A7289237B0EC}"
EndProject
Project("{FAE04EC0-301F-11D3-BF4B-00C04F79EFBC}") = "ovning03-03", "ovning03-03\ovning03-03.csproj", "{F0753091-B28E-4225-BC90-1C83D45CD1DA}"
EndProject
Project("{FAE04EC0-301F-11D3-BF4B-00C04F79EFBC}") = "ovning03-04", "ovning03-04\ovning03-04.csproj", "{1499A237-013E-4690-911C-1388A84DF94F}"
EndProject
Project("{FAE04EC0-301F-11D3-BF4B-00C04F79EFBC}") = "ovning03-05", "ovning03-05\ovning03-05.csproj", "{21DA3541-F0AE-4E35-8E45-F70C8962F99C}"
EndProject
Global
	GlobalSection(SolutionConfigurationPlatforms) = preSolution
		Debug|Any CPU = Debug|Any CPU
		Release|Any CPU = Release|Any CPU
	EndGlobalSection
	GlobalSection(ProjectConfigurationPlatforms) = postSolution
		{CDC29643-9F10-4360-9C18-9327104D5619}.Debug|Any CPU.ActiveCfg = Debug|Any CPU
		{CDC29643-9F10-4360-9C18-9327104D5619}.Debug|Any CPU.Build.0 = Debug|Any CPU
		{CDC29643-9F10-4360-9C18-9327104D5619}.Release|Any CPU.ActiveCfg = Release|Any CPU
		{CDC29643-9F10-4360-9C18-9327104D5619}.Release|Any CPU.Build.0 = Release|Any CPU
		{D2A7C936-CFA2-4CD3-A8F3-EA306FAFEBA7}.Debug|Any CPU.ActiveCfg = Debug|Any CPU
		{D2A7C936-CFA2-4CD3-A8F3-EA306FAFEBA7}.Debug|Any CPU.Build.0 = Debug|Any CPU
		{D2A7C936-CFA2-4CD3-A8F3-EA306FAFEBA7}.Release|Any CPU.ActiveCfg = Release|Any CPU
		{D2A7C936-CFA2-4CD3-A8F3-EA306FAFEBA7}.Release|Any CPU.Build.0 = Release|Any CPU
		{F2EC41E6-EB2C-4F88-A81D-2CBD74332904}.Debug|Any CPU.ActiveCfg = Debug|Any CPU
		{F2EC41E6-EB2C-4F88-A81D-2CBD74332904}.Debug|Any CPU.Build.0 = Debug|Any CPU
		{F2EC41E6-EB2C-4F88-A81D-2CBD74332904}.Release|Any CPU.ActiveCfg = Release|Any CPU
		{F2EC41E6-EB2C-4F88-A81D-2CBD74332904}.Release|Any CPU.Build.0 = Release|Any CPU
		{16D66A69-D163-4DF6-98AB-937F820D55D7}.Debug|Any CPU.ActiveCfg = Debug|Any CPU
		{16D66A69-D163-4DF6-98AB-937F820D55D7}.Debug|Any CPU.Build.0 = Debug|Any CPU
		{16D66A69-D163-4DF6-98AB-937F820D55D7}.Release|Any CPU.ActiveCfg = Release|Any CPU
		{16D66A69-D163-4DF6-98AB-937F820D55D7}.Release|Any CPU.Build.0 = Release|Any CPU
		{28557A3A-D3B6-4BF8-A78F-8060844706C6}.Debug|Any CPU.ActiveCfg = Debug|Any CPU
		{28557A3A-D3B6-4BF8-A78F-8060844706C6}.Debug|Any CPU.Build.0 = Debug|Any CPU
		{28557A3A-D3B6-4BF8-A78F-8060844706C6}.Release|Any CPU.ActiveCfg = Release|Any CPU
		{28557A3A-D3B6-4BF8-A78F-8060844706C6}.Release|Any CPU.Build.0 = Release|Any CPU
		{83B43418-2BC7-40C1-87E3-5D22AE9B550D}.Debug|Any CPU.ActiveCfg = Debug|Any CPU
		{83B43418-2BC7-40C1-87E3-5D22AE9B550D}.Debug|Any CPU.Build.0 = Debug|Any CPU
		{83B43418-2BC7-40C1-87E3-5D22AE9B550D}.Release|Any CPU.ActiveCfg = Release|Any CPU
		{83B43418-2BC7-40C1-87E3-5D22AE9B550D}.Release|Any CPU.Build.0 = Release|Any CPU
		{FAD99AA6-0F6C-4C80-A158-A7289237B0EC}.Debug|Any CPU.ActiveCfg = Debug|Any CPU
		{FAD99AA6-0F6C-4C80-A158-A7289237B0EC}.Debug|Any CPU.Build.0 = Debug|Any CPU
		{FAD99AA6-0F6C-4C80-A158-A7289237B0EC}.Release|Any CPU.ActiveCfg = Release|Any CPU
		{FAD99AA6-0F6C-4C80-A158-A7289237B0EC}.Release|Any CPU.Build.0 = Release|Any CPU
		{F0753091-B28E-4225-BC90-1C83D45CD1DA}.Debug|Any CPU.ActiveCfg = Debug|Any CPU
		{F0753091-B28E-4225-BC90-1C83D45CD1DA}.Debug|Any CPU.Build.0 = Debug|Any CPU
		{F0753091-B28E-4225-BC90-1C83D45CD1DA}.Release|Any CPU.ActiveCfg = Release|Any CPU
		{F0753091-B28E-4225-BC90-1C83D45CD1DA}.Release|Any CPU.Build.0 = Release|Any CPU
		{1499A237-013E-4690-911C-1388A84DF94F}.Debug|Any CPU.ActiveCfg = Debug|Any CPU
		{1499A237-013E-4690-911C-1388A84DF94F}.Debug|Any CPU.Build.0 = Debug|Any CPU
		{1499A237-013E-4690-911C-1388A84DF94F}.Release|Any CPU.ActiveCfg = Release|Any CPU
		{1499A237-013E-4690-911C-1388A84DF94F}.Release|Any CPU.Build.0 = Release|Any CPU
		{21DA3541-F0AE-4E35-8E45-F70C8962F99C}.Debug|Any CPU.ActiveCfg = Debug|Any CPU
		{21DA3541-F0AE-4E35-8E45-F70C8962F99C}.Debug|Any CPU.Build.0 = Debug|Any CPU
		{21DA3541-F0AE-4E35-8E45-F70C8962F99C}.Release|Any CPU.ActiveCfg = Release|Any CPU
		{21DA3541-F0AE-4E35-8E45-F70C8962F99C}.Release|Any CPU.Build.0 = Release|Any CPU
	EndGlobalSection
	GlobalSection(SolutionProperties) = preSolution
		HideSolutionNode = FALSE
	EndGlobalSection
	GlobalSection(ExtensibilityGlobals) = postSolution
		SolutionGuid = {21D7725E-4B71-4002-A10B-6FAC9EF8635F}
	EndGlobalSection
EndGlobal
